
Microsoft Visual Studio Solution File, Format Version 12.00
# Visual Studio Version 16
VisualStudioVersion = 16.0.32630.194
MinimumVisualStudioVersion = 10.0.40219.1
Project("{9A19103F-16F7-4668-BE54-9A1E7A4F7556}") = "CRUDAPPLICATION", "CRUDAPPLICATION\CRUDAPPLICATION.csproj", "{24AF038F-BDA9-4D15-B9DB-383794C9EA76}"
EndProject
Project("{9A19103F-16F7-4668-BE54-9A1E7A4F7556}") = "CRUDAPI", "CRUDAPI\CRUDAPI.csproj", "{649B77B2-BEA2-4270-9193-5321F53032E1}"
EndProject
Global
	GlobalSection(SolutionConfigurationPlatforms) = preSolution
		Debug|Any CPU = Debug|Any CPU
		Release|Any CPU = Release|Any CPU
	EndGlobalSection
	GlobalSection(ProjectConfigurationPlatforms) = postSolution
		{24AF038F-BDA9-4D15-B9DB-383794C9EA76}.Debug|Any CPU.ActiveCfg = Debug|Any CPU
		{24AF038F-BDA9-4D15-B9DB-383794C9EA76}.Debug|Any CPU.Build.0 = Debug|Any CPU
		{24AF038F-BDA9-4D15-B9DB-383794C9EA76}.Release|Any CPU.ActiveCfg = Release|Any CPU
		{24AF038F-BDA9-4D15-B9DB-383794C9EA76}.Release|Any CPU.Build.0 = Release|Any CPU
		{649B77B2-BEA2-4270-9193-5321F53032E1}.Debug|Any CPU.ActiveCfg = Debug|Any CPU
		{649B77B2-BEA2-4270-9193-5321F53032E1}.Debug|Any CPU.Build.0 = Debug|Any CPU
		{649B77B2-BEA2-4270-9193-5321F53032E1}.Release|Any CPU.ActiveCfg = Release|Any CPU
		{649B77B2-BEA2-4270-9193-5321F53032E1}.Release|Any CPU.Build.0 = Release|Any CPU
	EndGlobalSection
	GlobalSection(SolutionProperties) = preSolution
		HideSolutionNode = FALSE
	EndGlobalSection
	GlobalSection(ExtensibilityGlobals) = postSolution
		SolutionGuid = {B6A14AAE-B362-44B6-B678-609322A65D69}
	EndGlobalSection
EndGlobal
